
Microsoft Visual Studio Solution File, Format Version 12.00
# Visual Studio Version 16
VisualStudioVersion = 16.0.31729.503
MinimumVisualStudioVersion = 10.0.40219.1
Project("{FAE04EC0-301F-11D3-BF4B-00C04F79EFBC}") = "API", "API\API.csproj", "{50C37709-BBB8-4AEA-90E0-2F2A3A77CBCB}"
EndProject
Project("{FAE04EC0-301F-11D3-BF4B-00C04F79EFBC}") = "Model", "Model\Model.csproj", "{622E9EFC-8FB8-4688-87CF-944CA0552A18}"
EndProject
Global
	GlobalSection(SolutionConfigurationPlatforms) = preSolution
		Debug|Any CPU = Debug|Any CPU
		Release|Any CPU = Release|Any CPU
	EndGlobalSection
	GlobalSection(ProjectConfigurationPlatforms) = postSolution
		{50C37709-BBB8-4AEA-90E0-2F2A3A77CBCB}.Debug|Any CPU.ActiveCfg = Debug|Any CPU
		{50C37709-BBB8-4AEA-90E0-2F2A3A77CBCB}.Debug|Any CPU.Build.0 = Debug|Any CPU
		{50C37709-BBB8-4AEA-90E0-2F2A3A77CBCB}.Release|Any CPU.ActiveCfg = Release|Any CPU
		{50C37709-BBB8-4AEA-90E0-2F2A3A77CBCB}.Release|Any CPU.Build.0 = Release|Any CPU
		{622E9EFC-8FB8-4688-87CF-944CA0552A18}.Debug|Any CPU.ActiveCfg = Debug|Any CPU
		{622E9EFC-8FB8-4688-87CF-944CA0552A18}.Debug|Any CPU.Build.0 = Debug|Any CPU
		{622E9EFC-8FB8-4688-87CF-944CA0552A18}.Release|Any CPU.ActiveCfg = Release|Any CPU
		{622E9EFC-8FB8-4688-87CF-944CA0552A18}.Release|Any CPU.Build.0 = Release|Any CPU
	EndGlobalSection
	GlobalSection(SolutionProperties) = preSolution
		HideSolutionNode = FALSE
	EndGlobalSection
	GlobalSection(ExtensibilityGlobals) = postSolution
		SolutionGuid = {0117436D-C9CE-47B5-8CC4-36096AF2C560}
	EndGlobalSection
EndGlobal
